
Microsoft Visual Studio Solution File, Format Version 12.00
# Visual Studio Version 17
VisualStudioVersion = 17.14.36301.6
MinimumVisualStudioVersion = 10.0.40219.1
Project("{8BC9CEB8-8B4A-11D0-8D11-00A0C91BC942}") = "Program", "Program\Program.vcxproj", "{A5FF7BF0-F4DF-4DCB-ACF2-21F0F1AED726}"
EndProject
Project("{8BC9CEB8-8B4A-11D0-8D11-00A0C91BC942}") = "Class 1th (Asymptotic Notation)", "Class 1th (Asymptotic Notation)\Class 1th (Asymptotic Notation).vcxproj", "{AAB59208-84F4-4BC7-80F7-0CADC1AF594C}"
EndProject
Project("{8BC9CEB8-8B4A-11D0-8D11-00A0C91BC942}") = "Class 2th (Brute Force)", "Class 2th (Brute Force)\Class 2th (Brute Force).vcxproj", "{D886E53E-B5C5-47AC-9180-BB8E1B13EAB3}"
EndProject
Project("{8BC9CEB8-8B4A-11D0-8D11-00A0C91BC942}") = "Class 3th (Bubble Sort)", "Class 3th (Bubble Sort)\Class 3th (Bubble Sort).vcxproj", "{C7F57134-9687-4CE1-A59A-D0BD9B58938B}"
EndProject
Project("{8BC9CEB8-8B4A-11D0-8D11-00A0C91BC942}") = "Class 4th ( Selection Sort )", "Class 4th ( Selection Sort )\Class 4th ( Selection Sort ).vcxproj", "{A6D0AEF3-A3D8-4F16-9599-FBE53E6E89A5}"
EndProject
Project("{8BC9CEB8-8B4A-11D0-8D11-00A0C91BC942}") = "Class 5th ( Insert Sort)", "Class 5th ( Insert Sort)\Class 5th ( Insert Sort).vcxproj", "{A6FC574F-978B-4921-9C2A-50E06C0D551C}"
EndProject
Project("{8BC9CEB8-8B4A-11D0-8D11-00A0C91BC942}") = "Class 6th (Euclidean)", "Class 6th (Euclidean)\Class 6th (Euclidean).vcxproj", "{5C88488E-64B2-45D2-9676-B4A822A612F9}"
EndProject
Project("{8BC9CEB8-8B4A-11D0-8D11-00A0C91BC942}") = "Class 7th (Sieve of Eratosthenes)", "Class7th (Sieve of Eratosthenes)\Class7th (Sieve of Eratosthenes).vcxproj", "{9694EA92-07E4-453C-BE21-D37B918E439E}"
EndProject
Project("{8BC9CEB8-8B4A-11D0-8D11-00A0C91BC942}") = "Class 8th (Count Sort)", "Class 8th (Count Sort)\Class 8th (Count Sort).vcxproj", "{306C0C7B-BC8F-4FED-91B9-8D61B50F7634}"
EndProject
Project("{8BC9CEB8-8B4A-11D0-8D11-00A0C91BC942}") = "Class 9th (Divide and Conquer)", "Class 9th (Divide and Conquer)\Class 9th (Divide and Conquer).vcxproj", "{C4C77638-D6B1-4D8A-80ED-FDA80BE2CD4B}"
EndProject
Project("{8BC9CEB8-8B4A-11D0-8D11-00A0C91BC942}") = "Class 10th (Binary Search)", "Class 10th (Binary Search)\Class 10th (Binary Search).vcxproj", "{264CCE85-92C8-4673-83AA-0A5AF6D01878}"
EndProject
Project("{8BC9CEB8-8B4A-11D0-8D11-00A0C91BC942}") = "Class 11th (Quick Sort)", "Class 11th (Quick Sort)\Class 11th (Quick Sort).vcxproj", "{37ADB325-841E-4277-975E-0714F6A0001A}"
EndProject
Project("{8BC9CEB8-8B4A-11D0-8D11-00A0C91BC942}") = "Class 12th (Merge Sort)", "Class 12th (Merge Sort)\Class 12th (Merge Sort).vcxproj", "{4A84D3B5-BAB0-4C88-80D0-24356C8C3159}"
EndProject
Global
	GlobalSection(SolutionConfigurationPlatforms) = preSolution
		Debug|x64 = Debug|x64
		Debug|x86 = Debug|x86
		Release|x64 = Release|x64
		Release|x86 = Release|x86
	EndGlobalSection
	GlobalSection(ProjectConfigurationPlatforms) = postSolution
		{A5FF7BF0-F4DF-4DCB-ACF2-21F0F1AED726}.Debug|x64.ActiveCfg = Debug|x64
		{A5FF7BF0-F4DF-4DCB-ACF2-21F0F1AED726}.Debug|x64.Build.0 = Debug|x64
		{A5FF7BF0-F4DF-4DCB-ACF2-21F0F1AED726}.Debug|x86.ActiveCfg = Debug|Win32
		{A5FF7BF0-F4DF-4DCB-ACF2-21F0F1AED726}.Debug|x86.Build.0 = Debug|Win32
		{A5FF7BF0-F4DF-4DCB-ACF2-21F0F1AED726}.Release|x64.ActiveCfg = Release|x64
		{A5FF7BF0-F4DF-4DCB-ACF2-21F0F1AED726}.Release|x64.Build.0 = Release|x64
		{A5FF7BF0-F4DF-4DCB-ACF2-21F0F1AED726}.Release|x86.ActiveCfg = Release|Win32
		{A5FF7BF0-F4DF-4DCB-ACF2-21F0F1AED726}.Release|x86.Build.0 = Release|Win32
		{AAB59208-84F4-4BC7-80F7-0CADC1AF594C}.Debug|x64.ActiveCfg = Debug|x64
		{AAB59208-84F4-4BC7-80F7-0CADC1AF594C}.Debug|x64.Build.0 = Debug|x64
		{AAB59208-84F4-4BC7-80F7-0CADC1AF594C}.Debug|x86.ActiveCfg = Debug|Win32
		{AAB59208-84F4-4BC7-80F7-0CADC1AF594C}.Debug|x86.Build.0 = Debug|Win32
		{AAB59208-84F4-4BC7-80F7-0CADC1AF594C}.Release|x64.ActiveCfg = Release|x64
		{AAB59208-84F4-4BC7-80F7-0CADC1AF594C}.Release|x64.Build.0 = Release|x64
		{AAB59208-84F4-4BC7-80F7-0CADC1AF594C}.Release|x86.ActiveCfg = Release|Win32
		{AAB59208-84F4-4BC7-80F7-0CADC1AF594C}.Release|x86.Build.0 = Release|Win32
		{D886E53E-B5C5-47AC-9180-BB8E1B13EAB3}.Debug|x64.ActiveCfg = Debug|x64
		{D886E53E-B5C5-47AC-9180-BB8E1B13EAB3}.Debug|x64.Build.0 = Debug|x64
		{D886E53E-B5C5-47AC-9180-BB8E1B13EAB3}.Debug|x86.ActiveCfg = Debug|Win32
		{D886E53E-B5C5-47AC-9180-BB8E1B13EAB3}.Debug|x86.Build.0 = Debug|Win32
		{D886E53E-B5C5-47AC-9180-BB8E1B13EAB3}.Release|x64.ActiveCfg = Release|x64
		{D886E53E-B5C5-47AC-9180-BB8E1B13EAB3}.Release|x64.Build.0 = Release|x64
		{D886E53E-B5C5-47AC-9180-BB8E1B13EAB3}.Release|x86.ActiveCfg = Release|Win32
		{D886E53E-B5C5-47AC-9180-BB8E1B13EAB3}.Release|x86.Build.0 = Release|Win32
		{C7F57134-9687-4CE1-A59A-D0BD9B58938B}.Debug|x64.ActiveCfg = Debug|x64
		{C7F57134-9687-4CE1-A59A-D0BD9B58938B}.Debug|x64.Build.0 = Debug|x64
		{C7F57134-9687-4CE1-A59A-D0BD9B58938B}.Debug|x86.ActiveCfg = Debug|Win32
		{C7F57134-9687-4CE1-A59A-D0BD9B58938B}.Debug|x86.Build.0 = Debug|Win32
		{C7F57134-9687-4CE1-A59A-D0BD9B58938B}.Release|x64.ActiveCfg = Release|x64
		{C7F57134-9687-4CE1-A59A-D0BD9B58938B}.Release|x64.Build.0 = Release|x64
		{C7F57134-9687-4CE1-A59A-D0BD9B58938B}.Release|x86.ActiveCfg = Release|Win32
		{C7F57134-9687-4CE1-A59A-D0BD9B58938B}.Release|x86.Build.0 = Release|Win32
		{A6D0AEF3-A3D8-4F16-9599-FBE53E6E89A5}.Debug|x64.ActiveCfg = Debug|x64
		{A6D0AEF3-A3D8-4F16-9599-FBE53E6E89A5}.Debug|x64.Build.0 = Debug|x64
		{A6D0AEF3-A3D8-4F16-9599-FBE53E6E89A5}.Debug|x86.ActiveCfg = Debug|Win32
		{A6D0AEF3-A3D8-4F16-9599-FBE53E6E89A5}.Debug|x86.Build.0 = Debug|Win32
		{A6D0AEF3-A3D8-4F16-9599-FBE53E6E89A5}.Release|x64.ActiveCfg = Release|x64
		{A6D0AEF3-A3D8-4F16-9599-FBE53E6E89A5}.Release|x64.Build.0 = Release|x64
		{A6D0AEF3-A3D8-4F16-9599-FBE53E6E89A5}.Release|x86.ActiveCfg = Release|Win32
		{A6D0AEF3-A3D8-4F16-9599-FBE53E6E89A5}.Release|x86.Build.0 = Release|Win32
		{A6FC574F-978B-4921-9C2A-50E06C0D551C}.Debug|x64.ActiveCfg = Debug|x64
		{A6FC574F-978B-4921-9C2A-50E06C0D551C}.Debug|x64.Build.0 = Debug|x64
		{A6FC574F-978B-4921-9C2A-50E06C0D551C}.Debug|x86.ActiveCfg = Debug|Win32
		{A6FC574F-978B-4921-9C2A-50E06C0D551C}.Debug|x86.Build.0 = Debug|Win32
		{A6FC574F-978B-4921-9C2A-50E06C0D551C}.Release|x64.ActiveCfg = Release|x64
		{A6FC574F-978B-4921-9C2A-50E06C0D551C}.Release|x64.Build.0 = Release|x64
		{A6FC574F-978B-4921-9C2A-50E06C0D551C}.Release|x86.ActiveCfg = Release|Win32
		{A6FC574F-978B-4921-9C2A-50E06C0D551C}.Release|x86.Build.0 = Release|Win32
		{5C88488E-64B2-45D2-9676-B4A822A612F9}.Debug|x64.ActiveCfg = Debug|x64
		{5C88488E-64B2-45D2-9676-B4A822A612F9}.Debug|x64.Build.0 = Debug|x64
		{5C88488E-64B2-45D2-9676-B4A822A612F9}.Debug|x86.ActiveCfg = Debug|Win32
		{5C88488E-64B2-45D2-9676-B4A822A612F9}.Debug|x86.Build.0 = Debug|Win32
		{5C88488E-64B2-45D2-9676-B4A822A612F9}.Release|x64.ActiveCfg = Release|x64
		{5C88488E-64B2-45D2-9676-B4A822A612F9}.Release|x64.Build.0 = Release|x64
		{5C88488E-64B2-45D2-9676-B4A822A612F9}.Release|x86.ActiveCfg = Release|Win32
		{5C88488E-64B2-45D2-9676-B4A822A612F9}.Release|x86.Build.0 = Release|Win32
		{9694EA92-07E4-453C-BE21-D37B918E439E}.Debug|x64.ActiveCfg = Debug|x64
		{9694EA92-07E4-453C-BE21-D37B918E439E}.Debug|x64.Build.0 = Debug|x64
		{9694EA92-07E4-453C-BE21-D37B918E439E}.Debug|x86.ActiveCfg = Debug|Win32
		{9694EA92-07E4-453C-BE21-D37B918E439E}.Debug|x86.Build.0 = Debug|Win32
		{9694EA92-07E4-453C-BE21-D37B918E439E}.Release|x64.ActiveCfg = Release|x64
		{9694EA92-07E4-453C-BE21-D37B918E439E}.Release|x64.Build.0 = Release|x64
		{9694EA92-07E4-453C-BE21-D37B918E439E}.Release|x86.ActiveCfg = Release|Win32
		{9694EA92-07E4-453C-BE21-D37B918E439E}.Release|x86.Build.0 = Release|Win32
		{306C0C7B-BC8F-4FED-91B9-8D61B50F7634}.Debug|x64.ActiveCfg = Debug|x64
		{306C0C7B-BC8F-4FED-91B9-8D61B50F7634}.Debug|x64.Build.0 = Debug|x64
		{306C0C7B-BC8F-4FED-91B9-8D61B50F7634}.Debug|x86.ActiveCfg = Debug|Win32
		{306C0C7B-BC8F-4FED-91B9-8D61B50F7634}.Debug|x86.Build.0 = Debug|Win32
		{306C0C7B-BC8F-4FED-91B9-8D61B50F7634}.Release|x64.ActiveCfg = Release|x64
		{306C0C7B-BC8F-4FED-91B9-8D61B50F7634}.Release|x64.Build.0 = Release|x64
		{306C0C7B-BC8F-4FED-91B9-8D61B50F7634}.Release|x86.ActiveCfg = Release|Win32
		{306C0C7B-BC8F-4FED-91B9-8D61B50F7634}.Release|x86.Build.0 = Release|Win32
		{C4C77638-D6B1-4D8A-80ED-FDA80BE2CD4B}.Debug|x64.ActiveCfg = Debug|x64
		{C4C77638-D6B1-4D8A-80ED-FDA80BE2CD4B}.Debug|x64.Build.0 = Debug|x64
		{C4C77638-D6B1-4D8A-80ED-FDA80BE2CD4B}.Debug|x86.ActiveCfg = Debug|Win32
		{C4C77638-D6B1-4D8A-80ED-FDA80BE2CD4B}.Debug|x86.Build.0 = Debug|Win32
		{C4C77638-D6B1-4D8A-80ED-FDA80BE2CD4B}.Release|x64.ActiveCfg = Release|x64
		{C4C77638-D6B1-4D8A-80ED-FDA80BE2CD4B}.Release|x64.Build.0 = Release|x64
		{C4C77638-D6B1-4D8A-80ED-FDA80BE2CD4B}.Release|x86.ActiveCfg = Release|Win32
		{C4C77638-D6B1-4D8A-80ED-FDA80BE2CD4B}.Release|x86.Build.0 = Release|Win32
		{264CCE85-92C8-4673-83AA-0A5AF6D01878}.Debug|x64.ActiveCfg = Debug|x64
		{264CCE85-92C8-4673-83AA-0A5AF6D01878}.Debug|x64.Build.0 = Debug|x64
		{264CCE85-92C8-4673-83AA-0A5AF6D01878}.Debug|x86.ActiveCfg = Debug|Win32
		{264CCE85-92C8-4673-83AA-0A5AF6D01878}.Debug|x86.Build.0 = Debug|Win32
		{264CCE85-92C8-4673-83AA-0A5AF6D01878}.Release|x64.ActiveCfg = Release|x64
		{264CCE85-92C8-4673-83AA-0A5AF6D01878}.Release|x64.Build.0 = Release|x64
		{264CCE85-92C8-4673-83AA-0A5AF6D01878}.Release|x86.ActiveCfg = Release|Win32
		{264CCE85-92C8-4673-83AA-0A5AF6D01878}.Release|x86.Build.0 = Release|Win32
		{37ADB325-841E-4277-975E-0714F6A0001A}.Debug|x64.ActiveCfg = Debug|x64
		{37ADB325-841E-4277-975E-0714F6A0001A}.Debug|x64.Build.0 = Debug|x64
		{37ADB325-841E-4277-975E-0714F6A0001A}.Debug|x86.ActiveCfg = Debug|Win32
		{37ADB325-841E-4277-975E-0714F6A0001A}.Debug|x86.Build.0 = Debug|Win32
		{37ADB325-841E-4277-975E-0714F6A0001A}.Release|x64.ActiveCfg = Release|x64
		{37ADB325-841E-4277-975E-0714F6A0001A}.Release|x64.Build.0 = Release|x64
		{37ADB325-841E-4277-975E-0714F6A0001A}.Release|x86.ActiveCfg = Release|Win32
		{37ADB325-841E-4277-975E-0714F6A0001A}.Release|x86.Build.0 = Release|Win32
		{4A84D3B5-BAB0-4C88-80D0-24356C8C3159}.Debug|x64.ActiveCfg = Debug|x64
		{4A84D3B5-BAB0-4C88-80D0-24356C8C3159}.Debug|x64.Build.0 = Debug|x64
		{4A84D3B5-BAB0-4C88-80D0-24356C8C3159}.Debug|x86.ActiveCfg = Debug|Win32
		{4A84D3B5-BAB0-4C88-80D0-24356C8C3159}.Debug|x86.Build.0 = Debug|Win32
		{4A84D3B5-BAB0-4C88-80D0-24356C8C3159}.Release|x64.ActiveCfg = Release|x64
		{4A84D3B5-BAB0-4C88-80D0-24356C8C3159}.Release|x64.Build.0 = Release|x64
		{4A84D3B5-BAB0-4C88-80D0-24356C8C3159}.Release|x86.ActiveCfg = Release|Win32
		{4A84D3B5-BAB0-4C88-80D0-24356C8C3159}.Release|x86.Build.0 = Release|Win32
	EndGlobalSection
	GlobalSection(SolutionProperties) = preSolution
		HideSolutionNode = FALSE
	EndGlobalSection
	GlobalSection(ExtensibilityGlobals) = postSolution
		SolutionGuid = {DF5CEB6F-D6C4-463A-A7F6-2BD68EBE24C9}
	EndGlobalSection
EndGlobal
